
Microsoft Visual Studio Solution File, Format Version 12.00
# Visual Studio Version 17
VisualStudioVersion = 17.14.36109.1 d17.14
MinimumVisualStudioVersion = 10.0.40219.1
Project("{FAE04EC0-301F-11D3-BF4B-00C04F79EFBC}") = "ben10", "ben10.csproj", "{7228E9DB-7F3C-4F99-884C-B8A26AB4DA64}"
EndProject
Global
	GlobalSection(SolutionConfigurationPlatforms) = preSolution
		Debug|Any CPU = Debug|Any CPU
		Release|Any CPU = Release|Any CPU
	EndGlobalSection
	GlobalSection(ProjectConfigurationPlatforms) = postSolution
		{7228E9DB-7F3C-4F99-884C-B8A26AB4DA64}.Debug|Any CPU.ActiveCfg = Debug|Any CPU
		{7228E9DB-7F3C-4F99-884C-B8A26AB4DA64}.Debug|Any CPU.Build.0 = Debug|Any CPU
		{7228E9DB-7F3C-4F99-884C-B8A26AB4DA64}.Release|Any CPU.ActiveCfg = Release|Any CPU
		{7228E9DB-7F3C-4F99-884C-B8A26AB4DA64}.Release|Any CPU.Build.0 = Release|Any CPU
	EndGlobalSection
	GlobalSection(SolutionProperties) = preSolution
		HideSolutionNode = FALSE
	EndGlobalSection
	GlobalSection(ExtensibilityGlobals) = postSolution
		SolutionGuid = {89B01E5E-F1DE-4AEA-893F-19D845156981}
	EndGlobalSection
EndGlobal
